{
  "name": "MA",
  "lockfileVersion": 3,
  "requires": true,
  "packages": {
    "": {
      "dependencies": {
        "antigravity": "^0.0.0"
      }
    },
    "node_modules/antigravity": {
      "version": "0.0.0",
      "resolved": "https://registry.npmjs.org/antigravity/-/antigravity-0.0.0.tgz",
      "integrity": "sha512-MuJUdZl+rzMpGD7OI+V6CRl0IXQxX1oKmrK99jGXRuVVrQgAEPMA4Dz8S50FeBNOBjhQrWtRFu0RXuCVPm+87Q==",
      "license": "MIT",
      "bin": {
        "antigravity": "bin/antigravity.js"
      }
    }
  }
}
